
Microsoft Visual Studio Solution File, Format Version 12.00
# Visual Studio Version 17
VisualStudioVersion = 17.5.33530.505
MinimumVisualStudioVersion = 10.0.40219.1
Project("{9A19103F-16F7-4668-BE54-9A1E7A4F7556}") = "API", "test1\API.csproj", "{DACE7247-92BD-471E-8FFA-BF156DD09656}"
EndProject
Project("{9A19103F-16F7-4668-BE54-9A1E7A4F7556}") = "database", "database\database.csproj", "{BE832898-BD9F-4B5D-8766-9B4EA31F2A03}"
EndProject
Project("{9A19103F-16F7-4668-BE54-9A1E7A4F7556}") = "Domain", "Domain\Domain.csproj", "{43A97576-D58F-4429-B7F4-8B9EFCA32620}"
EndProject
Project("{9A19103F-16F7-4668-BE54-9A1E7A4F7556}") = "Repository", "Repository\Repository.csproj", "{010D665E-D30A-49E3-8294-8C18CD0C1817}"
EndProject
Project("{9A19103F-16F7-4668-BE54-9A1E7A4F7556}") = "Service", "Service\Service.csproj", "{F3595F72-976A-4B9E-9C90-0BB40D0A76E7}"
EndProject
Global
	GlobalSection(SolutionConfigurationPlatforms) = preSolution
		Debug|Any CPU = Debug|Any CPU
		Release|Any CPU = Release|Any CPU
	EndGlobalSection
	GlobalSection(ProjectConfigurationPlatforms) = postSolution
		{DACE7247-92BD-471E-8FFA-BF156DD09656}.Debug|Any CPU.ActiveCfg = Debug|Any CPU
		{DACE7247-92BD-471E-8FFA-BF156DD09656}.Debug|Any CPU.Build.0 = Debug|Any CPU
		{DACE7247-92BD-471E-8FFA-BF156DD09656}.Release|Any CPU.ActiveCfg = Release|Any CPU
		{DACE7247-92BD-471E-8FFA-BF156DD09656}.Release|Any CPU.Build.0 = Release|Any CPU
		{BE832898-BD9F-4B5D-8766-9B4EA31F2A03}.Debug|Any CPU.ActiveCfg = Debug|Any CPU
		{BE832898-BD9F-4B5D-8766-9B4EA31F2A03}.Debug|Any CPU.Build.0 = Debug|Any CPU
		{BE832898-BD9F-4B5D-8766-9B4EA31F2A03}.Release|Any CPU.ActiveCfg = Release|Any CPU
		{BE832898-BD9F-4B5D-8766-9B4EA31F2A03}.Release|Any CPU.Build.0 = Release|Any CPU
		{43A97576-D58F-4429-B7F4-8B9EFCA32620}.Debug|Any CPU.ActiveCfg = Debug|Any CPU
		{43A97576-D58F-4429-B7F4-8B9EFCA32620}.Debug|Any CPU.Build.0 = Debug|Any CPU
		{43A97576-D58F-4429-B7F4-8B9EFCA32620}.Release|Any CPU.ActiveCfg = Release|Any CPU
		{43A97576-D58F-4429-B7F4-8B9EFCA32620}.Release|Any CPU.Build.0 = Release|Any CPU
		{010D665E-D30A-49E3-8294-8C18CD0C1817}.Debug|Any CPU.ActiveCfg = Debug|Any CPU
		{010D665E-D30A-49E3-8294-8C18CD0C1817}.Debug|Any CPU.Build.0 = Debug|Any CPU
		{010D665E-D30A-49E3-8294-8C18CD0C1817}.Release|Any CPU.ActiveCfg = Release|Any CPU
		{010D665E-D30A-49E3-8294-8C18CD0C1817}.Release|Any CPU.Build.0 = Release|Any CPU
		{F3595F72-976A-4B9E-9C90-0BB40D0A76E7}.Debug|Any CPU.ActiveCfg = Debug|Any CPU
		{F3595F72-976A-4B9E-9C90-0BB40D0A76E7}.Debug|Any CPU.Build.0 = Debug|Any CPU
		{F3595F72-976A-4B9E-9C90-0BB40D0A76E7}.Release|Any CPU.ActiveCfg = Release|Any CPU
		{F3595F72-976A-4B9E-9C90-0BB40D0A76E7}.Release|Any CPU.Build.0 = Release|Any CPU
	EndGlobalSection
	GlobalSection(SolutionProperties) = preSolution
		HideSolutionNode = FALSE
	EndGlobalSection
	GlobalSection(ExtensibilityGlobals) = postSolution
		SolutionGuid = {9AD1EC4C-9864-4488-AED5-B37B8D5A34B4}
	EndGlobalSection
EndGlobal
